// !$*UTF8*$!
{
	archiveVersion = 1;
	classes = {
	};
	objectVersion = 48;
	objects = {

/* Begin PBXBuildFile section */
		F004ED8221ACCF52005E2672 /* AppDelegate.swift in Sources */ = {isa = PBXBuildFile; fileRef = F004ED8121ACCF52005E2672 /* AppDelegate.swift */; };
		F004ED8421ACCF52005E2672 /* ViewController.swift in Sources */ = {isa = PBXBuildFile; fileRef = F004ED8321ACCF52005E2672 /* ViewController.swift */; };
		F004ED8721ACCF52005E2672 /* Main.storyboard in Resources */ = {isa = PBXBuildFile; fileRef = F004ED8521ACCF52005E2672 /* Main.storyboard */; };
		F004ED8921ACCF52005E2672 /* Assets.xcassets in Resources */ = {isa = PBXBuildFile; fileRef = F004ED8821ACCF52005E2672 /* Assets.xcassets */; };
		F004ED8C21ACCF52005E2672 /* LaunchScreen.storyboard in Resources */ = {isa = PBXBuildFile; fileRef = F004ED8A21ACCF52005E2672 /* LaunchScreen.storyboard */; };
/* End PBXBuildFile section */

/* Begin PBXFileReference section */
		F004ED7E21ACCF52005E2672 /* Social.app */ = {isa = PBXFileReference; explicitFileType = wrapper.application; includeInIndex = 0; path = Social.app; sourceTree = BUILT_PRODUCTS_DIR; };
		F004ED8121ACCF52005E2672 /* AppDelegate.swift */ = {isa = PBXFileReference; lastKnownFileType = sourcecode.swift; path = AppDelegate.swift; sourceTree = "<group>"; };
		F004ED8321ACCF52005E2672 /* ViewController.swift */ = {isa = PBXFileReference; lastKnownFileType = sourcecode.swift; path = ViewController.swift; sourceTree = "<group>"; };
		F004ED8621ACCF52005E2672 /* Base */ = {isa = PBXFileReference; lastKnownFileType = file.storyboard; name = Base; path = Base.lproj/Main.storyboard; sourceTree = "<group>"; };
		F004ED8821ACCF52005E2672 /* Assets.xcassets */ = {isa = PBXFileReference; lastKnownFileType = folder.assetcatalog; path = Assets.xcassets; sourceTree = "<group>"; };
		F004ED8B21ACCF52005E2672 /* Base */ = {isa = PBXFileReference; lastKnownFileType = file.storyboard; name = Base; path = Base.lproj/LaunchScreen.storyboard; sourceTree = "<group>"; };
		F004ED8D21ACCF52005E2672 /* Info.plist */ = {isa = PBXFileReference; lastKnownFileType = text.plist.xml; path = Info.plist; sourceTree = "<group>"; };
/* End PBXFileReference section */

/* Begin PBXFrameworksBuildPhase section */
		F004ED7B21ACCF52005E2672 /* Frameworks */ = {
			isa = PBXFrameworksBuildPhase;
			buildActionMask = 2147483647;
			files = (
			);
			runOnlyForDeploymentPostprocessing = 0;
		};
/* End PBXFrameworksBuildPhase section */

/* Begin PBXGroup section */
		F004ED7521ACCF52005E2672 = {
			isa = PBXGroup;
			children = (
				F004ED8021ACCF52005E2672 /* Social */,
				F004ED7F21ACCF52005E2672 /* Products */,
			);
			sourceTree = "<group>";
		};
		F004ED7F21ACCF52005E2672 /* Products */ = {
			isa = PBXGroup;
			children = (
				F004ED7E21ACCF52005E2672 /* Social.app */,
			);
			name = Products;
			sourceTree = "<group>";
		};
		F004ED8021ACCF52005E2672 /* Social */ = {
			isa = PBXGroup;
			children = (
				F004ED8121ACCF52005E2672 /* AppDelegate.swift */,
				F004ED8321ACCF52005E2672 /* ViewController.swift */,
				F004ED8521ACCF52005E2672 /* Main.storyboard */,
				F004ED8821ACCF52005E2672 /* Assets.xcassets */,
				F004ED8A21ACCF52005E2672 /* LaunchScreen.storyboard */,
				F004ED8D21ACCF52005E2672 /* Info.plist */,
			);
			path = Social;
			sourceTree = "<group>";
		};
/* End PBXGroup section */

/* Begin PBXNativeTarget section */
		F004ED7D21ACCF52005E2672 /* Social */ = {
			isa = PBXNativeTarget;
			buildConfigurationList = F004ED9021ACCF52005E2672 /* Build configuration list for PBXNativeTarget "Social" */;
			buildPhases = (
				F004ED7A21ACCF52005E2672 /* Sources */,
				F004ED7B21ACCF52005E2672 /* Frameworks */,
				F004ED7C21ACCF52005E2672 /* Resources */,
			);
			buildRules = (
			);
			dependencies = (
			);
			name = Social;
			productName = Social;
			productReference = F004ED7E21ACCF52005E2672 /* Social.app */;
			productType = "com.apple.product-type.application";
		};
/* End PBXNativeTarget section */

/* Begin PBXProject section */
		F004ED7621ACCF52005E2672 /* Project object */ = {
			isa = PBXProject;
			attributes = {
				LastSwiftUpdateCheck = 0920;
				LastUpgradeCheck = 0920;
				ORGANIZATIONNAME = "Samantha Wiley";
				TargetAttributes = {
					F004ED7D21ACCF52005E2672 = {
						CreatedOnToolsVersion = 9.2;
						ProvisioningStyle = Automatic;
					};
				};
			};
			buildConfigurationList = F004ED7921ACCF52005E2672 /* Build configuration list for PBXProject "Social" */;
			compatibilityVersion = "Xcode 8.0";
			developmentRegion = en;
			hasScannedForEncodings = 0;
			knownRegions = (
				en,
				Base,
			);
			mainGroup = F004ED7521ACCF52005E2672;
			productRefGroup = F004ED7F21ACCF52005E2672 /* Products */;
			projectDirPath = "";
			projectRoot = "";
			targets = (
				F004ED7D21ACCF52005E2672 /* Social */,
			);
		};
/* End PBXProject section */

/* Begin PBXResourcesBuildPhase section */
		F004ED7C21ACCF52005E2672 /* Resources */ = {
			isa = PBXResourcesBuildPhase;
			buildActionMask = 2147483647;
			files = (
				F004ED8C21ACCF52005E2672 /* LaunchScreen.storyboard in Resources */,
				F004ED8921ACCF52005E2672 /* Assets.xcassets in Resources */,
				F004ED8721ACCF52005E2672 /* Main.storyboard in Resources */,
			);
			runOnlyForDeploymentPostprocessing = 0;
		};
/* End PBXResourcesBuildPhase section */

/* Begin PBXSourcesBuildPhase section */
		F004ED7A21ACCF52005E2672 /* Sources */ = {
			isa = PBXSourcesBuildPhase;
			buildActionMask = 2147483647;
			files = (
				F004ED8421ACCF52005E2672 /* ViewController.swift in Sources */,
				F004ED8221ACCF52005E2672 /* AppDelegate.swift in Sources */,
			);
			runOnlyForDeploymentPostprocessing = 0;
		};
/* End PBXSourcesBuildPhase section */

/* Begin PBXVariantGroup section */
		F004ED8521ACCF52005E2672 /* Main.storyboard */ = {
			isa = PBXVariantGroup;
			children = (
				F004ED8621ACCF52005E2672 /* Base */,
			);
			name = Main.storyboard;
			sourceTree = "<group>";
		};
		F004ED8A21ACCF52005E2672 /* LaunchScreen.storyboard */ = {
			isa = PBXVariantGroup;
			children = (
				F004ED8B21ACCF52005E2672 /* Base */,
			);
			name = LaunchScreen.storyboard;
			sourceTree = "<group>";
		};
/* End PBXVariantGroup section */

/* Begin XCBuildConfiguration section */
		F004ED8E21ACCF52005E2672 /* Debug */ = {
			isa = XCBuildConfiguration;
			buildSettings = {
				ALWAYS_SEARCH_USER_PATHS = NO;
				CLANG_ANALYZER_NONNULL = YES;
				CLANG_ANALYZER_NUMBER_OBJECT_CONVERSION = YES_AGGRESSIVE;
				CLANG_CXX_LANGUAGE_STANDARD = "gnu++14";
				CLANG_CXX_LIBRARY = "libc++";
				CLANG_ENABLE_MODULES = YES;
				CLANG_ENABLE_OBJC_ARC = YES;
				CLANG_WARN_BLOCK_CAPTURE_AUTORELEASING = YES;
				CLANG_WARN_BOOL_CONVERSION = YES;
				CLANG_WARN_COMMA = YES;
				CLANG_WARN_CONSTANT_CONVERSION = YES;
				CLANG_WARN_DIRECT_OBJC_ISA_USAGE = YES_ERROR;
				CLANG_WARN_DOCUMENTATION_COMMENTS = YES;
				CLANG_WARN_EMPTY_BODY = YES;
				CLANG_WARN_ENUM_CONVERSION = YES;
				CLANG_WARN_INFINITE_RECURSION = YES;
				CLANG_WARN_INT_CONVERSION = YES;
				CLANG_WARN_NON_LITERAL_NULL_CONVERSION = YES;
				CLANG_WARN_OBJC_LITERAL_CONVERSION = YES;
				CLANG_WARN_OBJC_ROOT_CLASS = YES_ERROR;
				CLANG_WARN_RANGE_LOOP_ANALYSIS = YES;
				CLANG_WARN_STRICT_PROTOTYPES = YES;
				CLANG_WARN_SUSPICIOUS_MOVE = YES;
				CLANG_WARN_UNGUARDED_AVAILABILITY = YES_AGGRESSIVE;
				CLANG_WARN_UNREACHABLE_CODE = YES;
				CLANG_WARN__DUPLICATE_METHOD_MATCH = YES;
				CODE_SIGN_IDENTITY = "iPhone Developer";
				COPY_PHASE_STRIP = NO;
				DEBUG_INFORMATION_FORMAT = dwarf;
				ENABLE_STRICT_OBJC_MSGSEND = YES;
				ENABLE_TESTABILITY = YES;
				GCC_C_LANGUAGE_STANDARD = gnu11;
				GCC_DYNAMIC_NO_PIC = NO;
				GCC_NO_COMMON_BLOCKS = YES;
				GCC_OPTIMIZATION_LEVEL = 0;
				GCC_PREPROCESSOR_DEFINITIONS = (
					"DEBUG=1",
					"$(inherited)",
				);
				GCC_WARN_64_TO_32_BIT_CONVERSION = YES;
				GCC_WARN_ABOUT_RETURN_TYPE = YES_ERROR;
				GCC_WARN_UNDECLARED_SELECTOR = YES;
				GCC_WARN_UNINITIALIZED_AUTOS = YES_AGGRESSIVE;
				GCC_WARN_UNUSED_FUNCTION = YES;
				GCC_WARN_UNUSED_VARIABLE = YES;
				IPHONEOS_DEPLOYMENT_TARGET = 11.2;
				MTL_ENABLE_DEBUG_INFO = YES;
				ONLY_ACTIVE_ARCH = YES;
				SDKROOT = iphoneos;
				SWIFT_ACTIVE_COMPILATION_CONDITIONS = DEBUG;
				SWIFT_OPTIMIZATION_LEVEL = "-Onone";
			};
			name = Debug;
		};
		F004ED8F21ACCF52005E2672 /* Release */ = {
			isa = XCBuildConfiguration;
			buildSettings = {
				ALWAYS_SEARCH_USER_PATHS = NO;
				CLANG_ANALYZER_NONNULL = YES;
				CLANG_ANALYZER_NUMBER_OBJECT_CONVERSION = YES_AGGRESSIVE;
				CLANG_CXX_LANGUAGE_STANDARD = "gnu++14";
				CLANG_CXX_LIBRARY = "libc++";
				CLANG_ENABLE_MODULES = YES;
				CLANG_ENABLE_OBJC_ARC = YES;
				CLANG_WARN_BLOCK_CAPTURE_AUTORELEASING = YES;
				CLANG_WARN_BOOL_CONVERSION = YES;
				CLANG_WARN_COMMA = YES;
				CLANG_WARN_CONSTANT_CONVERSION = YES;
				CLANG_WARN_DIRECT_OBJC_ISA_USAGE = YES_ERROR;
				CLANG_WARN_DOCUMENTATION_COMMENTS = YES;
				CLANG_WARN_EMPTY_BODY = YES;
				CLANG_WARN_ENUM_CONVERSION = YES;
				CLANG_WARN_INFINITE_RECURSION = YES;
				CLANG_WARN_INT_CONVERSION = YES;
				CLANG_WARN_NON_LITERAL_NULL_CONVERSION = YES;
				CLANG_WARN_OBJC_LITERAL_CONVERSION = YES;
				CLANG_WARN_OBJC_ROOT_CLASS = YES_ERROR;
				CLANG_WARN_RANGE_LOOP_ANALYSIS = YES;
				CLANG_WARN_STRICT_PROTOTYPES = YES;
				CLANG_WARN_SUSPICIOUS_MOVE = YES;
				CLANG_WARN_UNGUARDED_AVAILABILITY = YES_AGGRESSIVE;
				CLANG_WARN_UNREACHABLE_CODE = YES;
				CLANG_WARN__DUPLICATE_METHOD_MATCH = YES;
				CODE_SIGN_IDENTITY = "iPhone Developer";
				COPY_PHASE_STRIP = NO;
				DEBUG_INFORMATION_FORMAT = "dwarf-with-dsym";
				ENABLE_NS_ASSERTIONS = NO;
				ENABLE_STRICT_OBJC_MSGSEND = YES;
				GCC_C_LANGUAGE_STANDARD = gnu11;
				GCC_NO_COMMON_BLOCKS = YES;
				GCC_WARN_64_TO_32_BIT_CONVERSION = YES;
				GCC_WARN_ABOUT_RETURN_TYPE = YES_ERROR;
				GCC_WARN_UNDECLARED_SELECTOR = YES;
				GCC_WARN_UNINITIALIZED_AUTOS = YES_AGGRESSIVE;
				GCC_WARN_UNUSED_FUNCTION = YES;
				GCC_WARN_UNUSED_VARIABLE = YES;
				IPHONEOS_DEPLOYMENT_TARGET = 11.2;
				MTL_ENABLE_DEBUG_INFO = NO;
				SDKROOT = iphoneos;
				SWIFT_OPTIMIZATION_LEVEL = "-Owholemodule";
				VALIDATE_PRODUCT = YES;
			};
			name = Release;
		};
		F004ED9121ACCF52005E2672 /* Debug */ = {
			isa = XCBuildConfiguration;
			buildSettings = {
				ASSETCATALOG_COMPILER_APPICON_NAME = AppIcon;
				CODE_SIGN_STYLE = Automatic;
				INFOPLIST_FILE = Social/Info.plist;
				LD_RUNPATH_SEARCH_PATHS = "$(inherited) @executable_path/Frameworks";
				PRODUCT_BUNDLE_IDENTIFIER = com.samanthawiley.Social;
				PRODUCT_NAME = "$(TARGET_NAME)";
				SWIFT_VERSION = 4.0;
				TARGETED_DEVICE_FAMILY = "1,2";
			};
			name = Debug;
		};
		F004ED9221ACCF52005E2672 /* Release */ = {
			isa = XCBuildConfiguration;
			buildSettings = {
				ASSETCATALOG_COMPILER_APPICON_NAME = AppIcon;
				CODE_SIGN_STYLE = Automatic;
				INFOPLIST_FILE = Social/Info.plist;
				LD_RUNPATH_SEARCH_PATHS = "$(inherited) @executable_path/Frameworks";
				PRODUCT_BUNDLE_IDENTIFIER = com.samanthawiley.Social;
				PRODUCT_NAME = "$(TARGET_NAME)";
				SWIFT_VERSION = 4.0;
				TARGETED_DEVICE_FAMILY = "1,2";
			};
			name = Release;
		};
/* End XCBuildConfiguration section */

/* Begin XCConfigurationList section */
		F004ED7921ACCF52005E2672 /* Build configuration list for PBXProject "Social" */ = {
			isa = XCConfigurationList;
			buildConfigurations = (
				F004ED8E21ACCF52005E2672 /* Debug */,
				F004ED8F21ACCF52005E2672 /* Release */,
			);
			defaultConfigurationIsVisible = 0;
			defaultConfigurationName = Release;
		};
		F004ED9021ACCF52005E2672 /* Build configuration list for PBXNativeTarget "Social" */ = {
			isa = XCConfigurationList;
			buildConfigurations = (
				F004ED9121ACCF52005E2672 /* Debug */,
				F004ED9221ACCF52005E2672 /* Release */,
			);
			defaultConfigurationIsVisible = 0;
			defaultConfigurationName = Release;
		};
/* End XCConfigurationList section */
	};
	rootObject = F004ED7621ACCF52005E2672 /* Project object */;
}
